
Microsoft Visual Studio Solution File, Format Version 12.00
# Visual Studio Version 17
VisualStudioVersion = 17.13.35931.197
MinimumVisualStudioVersion = 10.0.40219.1
Project("{FAE04EC0-301F-11D3-BF4B-00C04F79EFBC}") = "ADO", "ADO\ADO.csproj", "{62679E17-0F11-4978-AD81-0FBFF11DAA6E}"
EndProject
Project("{FAE04EC0-301F-11D3-BF4B-00C04F79EFBC}") = "DBTools", "DBTools\DBTools.csproj", "{28A04E53-ACA6-4724-AA55-3509350F116C}"
EndProject
Project("{FAE04EC0-301F-11D3-BF4B-00C04F79EFBC}") = "DLLTest", "DLLTest\DLLTest.csproj", "{D44C140C-DC20-423E-ABA0-D5E6D3716A79}"
EndProject
Global
	GlobalSection(SolutionConfigurationPlatforms) = preSolution
		Debug|Any CPU = Debug|Any CPU
		Release|Any CPU = Release|Any CPU
	EndGlobalSection
	GlobalSection(ProjectConfigurationPlatforms) = postSolution
		{62679E17-0F11-4978-AD81-0FBFF11DAA6E}.Debug|Any CPU.ActiveCfg = Debug|Any CPU
		{62679E17-0F11-4978-AD81-0FBFF11DAA6E}.Debug|Any CPU.Build.0 = Debug|Any CPU
		{62679E17-0F11-4978-AD81-0FBFF11DAA6E}.Release|Any CPU.ActiveCfg = Release|Any CPU
		{62679E17-0F11-4978-AD81-0FBFF11DAA6E}.Release|Any CPU.Build.0 = Release|Any CPU
		{28A04E53-ACA6-4724-AA55-3509350F116C}.Debug|Any CPU.ActiveCfg = Debug|Any CPU
		{28A04E53-ACA6-4724-AA55-3509350F116C}.Debug|Any CPU.Build.0 = Debug|Any CPU
		{28A04E53-ACA6-4724-AA55-3509350F116C}.Release|Any CPU.ActiveCfg = Release|Any CPU
		{28A04E53-ACA6-4724-AA55-3509350F116C}.Release|Any CPU.Build.0 = Release|Any CPU
		{D44C140C-DC20-423E-ABA0-D5E6D3716A79}.Debug|Any CPU.ActiveCfg = Debug|Any CPU
		{D44C140C-DC20-423E-ABA0-D5E6D3716A79}.Debug|Any CPU.Build.0 = Debug|Any CPU
		{D44C140C-DC20-423E-ABA0-D5E6D3716A79}.Release|Any CPU.ActiveCfg = Release|Any CPU
		{D44C140C-DC20-423E-ABA0-D5E6D3716A79}.Release|Any CPU.Build.0 = Release|Any CPU
	EndGlobalSection
	GlobalSection(SolutionProperties) = preSolution
		HideSolutionNode = FALSE
	EndGlobalSection
	GlobalSection(ExtensibilityGlobals) = postSolution
		SolutionGuid = {8A8A0E05-7F37-449E-8006-A33A514A4453}
	EndGlobalSection
EndGlobal
